
Microsoft Visual Studio Solution File, Format Version 12.00
# Visual Studio 14
VisualStudioVersion = 14.0.25420.1
MinimumVisualStudioVersion = 10.0.40219.1
Project("{FAE04EC0-301F-11D3-BF4B-00C04F79EFBC}") = "XamarinDiplomado", "XamarinDiplomado\XamarinDiplomado\XamarinDiplomado.csproj", "{7668779A-873A-46F2-BEF3-6B85B782ECCA}"
EndProject
Project("{FAE04EC0-301F-11D3-BF4B-00C04F79EFBC}") = "XamarinDiplomado.Droid", "XamarinDiplomado\XamarinDiplomado.Droid\XamarinDiplomado.Droid.csproj", "{F3F99F96-1461-4E25-9B76-AB62385EE462}"
EndProject
Project("{FAE04EC0-301F-11D3-BF4B-00C04F79EFBC}") = "XamarinDiplomado.iOS", "XamarinDiplomado\XamarinDiplomado.iOS\XamarinDiplomado.iOS.csproj", "{E8A3A2A9-6E0C-4F37-B425-AB4EAD7A0572}"
EndProject
Project("{FAE04EC0-301F-11D3-BF4B-00C04F79EFBC}") = "XamarinDiplomado.WinPhone", "XamarinDiplomado\XamarinDiplomado.WinPhone\XamarinDiplomado.WinPhone.csproj", "{4E71212B-FE06-48A5-A63A-A1F553410CCA}"
EndProject
Project("{FAE04EC0-301F-11D3-BF4B-00C04F79EFBC}") = "XamarinDiplomado.UWP", "XamarinDiplomado\XamarinDiplomado.UWP\XamarinDiplomado.UWP.csproj", "{E421C57F-0A2C-44CC-9BDF-2C1F588F34C7}"
EndProject
Project("{FAE04EC0-301F-11D3-BF4B-00C04F79EFBC}") = "XamarinDiplomado.Windows", "XamarinDiplomado\XamarinDiplomado.Windows\XamarinDiplomado.Windows.csproj", "{EA0B105A-A78F-4680-9B7E-2D561551EED7}"
EndProject
Global
	GlobalSection(SolutionConfigurationPlatforms) = preSolution
		Ad-Hoc|Any CPU = Ad-Hoc|Any CPU
		Ad-Hoc|ARM = Ad-Hoc|ARM
		Ad-Hoc|iPhone = Ad-Hoc|iPhone
		Ad-Hoc|iPhoneSimulator = Ad-Hoc|iPhoneSimulator
		Ad-Hoc|x64 = Ad-Hoc|x64
		Ad-Hoc|x86 = Ad-Hoc|x86
		AppStore|Any CPU = AppStore|Any CPU
		AppStore|ARM = AppStore|ARM
		AppStore|iPhone = AppStore|iPhone
		AppStore|iPhoneSimulator = AppStore|iPhoneSimulator
		AppStore|x64 = AppStore|x64
		AppStore|x86 = AppStore|x86
		Debug|Any CPU = Debug|Any CPU
		Debug|ARM = Debug|ARM
		Debug|iPhone = Debug|iPhone
		Debug|iPhoneSimulator = Debug|iPhoneSimulator
		Debug|x64 = Debug|x64
		Debug|x86 = Debug|x86
		Release|Any CPU = Release|Any CPU
		Release|ARM = Release|ARM
		Release|iPhone = Release|iPhone
		Release|iPhoneSimulator = Release|iPhoneSimulator
		Release|x64 = Release|x64
		Release|x86 = Release|x86
	EndGlobalSection
	GlobalSection(ProjectConfigurationPlatforms) = postSolution
		{7668779A-873A-46F2-BEF3-6B85B782ECCA}.Ad-Hoc|Any CPU.ActiveCfg = Release|Any CPU
		{7668779A-873A-46F2-BEF3-6B85B782ECCA}.Ad-Hoc|Any CPU.Build.0 = Release|Any CPU
		{7668779A-873A-46F2-BEF3-6B85B782ECCA}.Ad-Hoc|ARM.ActiveCfg = Release|Any CPU
		{7668779A-873A-46F2-BEF3-6B85B782ECCA}.Ad-Hoc|ARM.Build.0 = Release|Any CPU
		{7668779A-873A-46F2-BEF3-6B85B782ECCA}.Ad-Hoc|iPhone.ActiveCfg = Release|Any CPU
		{7668779A-873A-46F2-BEF3-6B85B782ECCA}.Ad-Hoc|iPhone.Build.0 = Release|Any CPU
		{7668779A-873A-46F2-BEF3-6B85B782ECCA}.Ad-Hoc|iPhoneSimulator.ActiveCfg = Release|Any CPU
		{7668779A-873A-46F2-BEF3-6B85B782ECCA}.Ad-Hoc|iPhoneSimulator.Build.0 = Release|Any CPU
		{7668779A-873A-46F2-BEF3-6B85B782ECCA}.Ad-Hoc|x64.ActiveCfg = Release|Any CPU
		{7668779A-873A-46F2-BEF3-6B85B782ECCA}.Ad-Hoc|x64.Build.0 = Release|Any CPU
		{7668779A-873A-46F2-BEF3-6B85B782ECCA}.Ad-Hoc|x86.ActiveCfg = Release|Any CPU
		{7668779A-873A-46F2-BEF3-6B85B782ECCA}.Ad-Hoc|x86.Build.0 = Release|Any CPU
		{7668779A-873A-46F2-BEF3-6B85B782ECCA}.AppStore|Any CPU.ActiveCfg = Release|Any CPU
		{7668779A-873A-46F2-BEF3-6B85B782ECCA}.AppStore|Any CPU.Build.0 = Release|Any CPU
		{7668779A-873A-46F2-BEF3-6B85B782ECCA}.AppStore|ARM.ActiveCfg = Release|Any CPU
		{7668779A-873A-46F2-BEF3-6B85B782ECCA}.AppStore|ARM.Build.0 = Release|Any CPU
		{7668779A-873A-46F2-BEF3-6B85B782ECCA}.AppStore|iPhone.ActiveCfg = Release|Any CPU
		{7668779A-873A-46F2-BEF3-6B85B782ECCA}.AppStore|iPhone.Build.0 = Release|Any CPU
		{7668779A-873A-46F2-BEF3-6B85B782ECCA}.AppStore|iPhoneSimulator.ActiveCfg = Release|Any CPU
		{7668779A-873A-46F2-BEF3-6B85B782ECCA}.AppStore|iPhoneSimulator.Build.0 = Release|Any CPU
		{7668779A-873A-46F2-BEF3-6B85B782ECCA}.AppStore|x64.ActiveCfg = Release|Any CPU
		{7668779A-873A-46F2-BEF3-6B85B782ECCA}.AppStore|x64.Build.0 = Release|Any CPU
		{7668779A-873A-46F2-BEF3-6B85B782ECCA}.AppStore|x86.ActiveCfg = Release|Any CPU
		{7668779A-873A-46F2-BEF3-6B85B782ECCA}.AppStore|x86.Build.0 = Release|Any CPU
		{7668779A-873A-46F2-BEF3-6B85B782ECCA}.Debug|Any CPU.ActiveCfg = Debug|Any CPU
		{7668779A-873A-46F2-BEF3-6B85B782ECCA}.Debug|Any CPU.Build.0 = Debug|Any CPU
		{7668779A-873A-46F2-BEF3-6B85B782ECCA}.Debug|ARM.ActiveCfg = Debug|Any CPU
		{7668779A-873A-46F2-BEF3-6B85B782ECCA}.Debug|ARM.Build.0 = Debug|Any CPU
		{7668779A-873A-46F2-BEF3-6B85B782ECCA}.Debug|iPhone.ActiveCfg = Debug|Any CPU
		{7668779A-873A-46F2-BEF3-6B85B782ECCA}.Debug|iPhone.Build.0 = Debug|Any CPU
		{7668779A-873A-46F2-BEF3-6B85B782ECCA}.Debug|iPhoneSimulator.ActiveCfg = Debug|Any CPU
		{7668779A-873A-46F2-BEF3-6B85B782ECCA}.Debug|iPhoneSimulator.Build.0 = Debug|Any CPU
		{7668779A-873A-46F2-BEF3-6B85B782ECCA}.Debug|x64.ActiveCfg = Debug|Any CPU
		{7668779A-873A-46F2-BEF3-6B85B782ECCA}.Debug|x64.Build.0 = Debug|Any CPU
		{7668779A-873A-46F2-BEF3-6B85B782ECCA}.Debug|x86.ActiveCfg = Debug|Any CPU
		{7668779A-873A-46F2-BEF3-6B85B782ECCA}.Debug|x86.Build.0 = Debug|Any CPU
		{7668779A-873A-46F2-BEF3-6B85B782ECCA}.Release|Any CPU.ActiveCfg = Release|Any CPU
		{7668779A-873A-46F2-BEF3-6B85B782ECCA}.Release|Any CPU.Build.0 = Release|Any CPU
		{7668779A-873A-46F2-BEF3-6B85B782ECCA}.Release|ARM.ActiveCfg = Release|Any CPU
		{7668779A-873A-46F2-BEF3-6B85B782ECCA}.Release|ARM.Build.0 = Release|Any CPU
		{7668779A-873A-46F2-BEF3-6B85B782ECCA}.Release|iPhone.ActiveCfg = Release|Any CPU
		{7668779A-873A-46F2-BEF3-6B85B782ECCA}.Release|iPhone.Build.0 = Release|Any CPU
		{7668779A-873A-46F2-BEF3-6B85B782ECCA}.Release|iPhoneSimulator.ActiveCfg = Release|Any CPU
		{7668779A-873A-46F2-BEF3-6B85B782ECCA}.Release|iPhoneSimulator.Build.0 = Release|Any CPU
		{7668779A-873A-46F2-BEF3-6B85B782ECCA}.Release|x64.ActiveCfg = Release|Any CPU
		{7668779A-873A-46F2-BEF3-6B85B782ECCA}.Release|x64.Build.0 = Release|Any CPU
		{7668779A-873A-46F2-BEF3-6B85B782ECCA}.Release|x86.ActiveCfg = Release|Any CPU
		{7668779A-873A-46F2-BEF3-6B85B782ECCA}.Release|x86.Build.0 = Release|Any CPU
		{F3F99F96-1461-4E25-9B76-AB62385EE462}.Ad-Hoc|Any CPU.ActiveCfg = Release|Any CPU
		{F3F99F96-1461-4E25-9B76-AB62385EE462}.Ad-Hoc|Any CPU.Build.0 = Release|Any CPU
		{F3F99F96-1461-4E25-9B76-AB62385EE462}.Ad-Hoc|Any CPU.Deploy.0 = Release|Any CPU
		{F3F99F96-1461-4E25-9B76-AB62385EE462}.Ad-Hoc|ARM.ActiveCfg = Release|Any CPU
		{F3F99F96-1461-4E25-9B76-AB62385EE462}.Ad-Hoc|ARM.Build.0 = Release|Any CPU
		{F3F99F96-1461-4E25-9B76-AB62385EE462}.Ad-Hoc|ARM.Deploy.0 = Release|Any CPU
		{F3F99F96-1461-4E25-9B76-AB62385EE462}.Ad-Hoc|iPhone.ActiveCfg = Release|Any CPU
		{F3F99F96-1461-4E25-9B76-AB62385EE462}.Ad-Hoc|iPhone.Build.0 = Release|Any CPU
		{F3F99F96-1461-4E25-9B76-AB62385EE462}.Ad-Hoc|iPhone.Deploy.0 = Release|Any CPU
		{F3F99F96-1461-4E25-9B76-AB62385EE462}.Ad-Hoc|iPhoneSimulator.ActiveCfg = Release|Any CPU
		{F3F99F96-1461-4E25-9B76-AB62385EE462}.Ad-Hoc|iPhoneSimulator.Build.0 = Release|Any CPU
		{F3F99F96-1461-4E25-9B76-AB62385EE462}.Ad-Hoc|iPhoneSimulator.Deploy.0 = Release|Any CPU
		{F3F99F96-1461-4E25-9B76-AB62385EE462}.Ad-Hoc|x64.ActiveCfg = Release|Any CPU
		{F3F99F96-1461-4E25-9B76-AB62385EE462}.Ad-Hoc|x64.Build.0 = Release|Any CPU
		{F3F99F96-1461-4E25-9B76-AB62385EE462}.Ad-Hoc|x64.Deploy.0 = Release|Any CPU
		{F3F99F96-1461-4E25-9B76-AB62385EE462}.Ad-Hoc|x86.ActiveCfg = Release|Any CPU
		{F3F99F96-1461-4E25-9B76-AB62385EE462}.Ad-Hoc|x86.Build.0 = Release|Any CPU
		{F3F99F96-1461-4E25-9B76-AB62385EE462}.Ad-Hoc|x86.Deploy.0 = Release|Any CPU
		{F3F99F96-1461-4E25-9B76-AB62385EE462}.AppStore|Any CPU.ActiveCfg = Release|Any CPU
		{F3F99F96-1461-4E25-9B76-AB62385EE462}.AppStore|Any CPU.Build.0 = Release|Any CPU
		{F3F99F96-1461-4E25-9B76-AB62385EE462}.AppStore|Any CPU.Deploy.0 = Release|Any CPU
		{F3F99F96-1461-4E25-9B76-AB62385EE462}.AppStore|ARM.ActiveCfg = Release|Any CPU
		{F3F99F96-1461-4E25-9B76-AB62385EE462}.AppStore|ARM.Build.0 = Release|Any CPU
		{F3F99F96-1461-4E25-9B76-AB62385EE462}.AppStore|ARM.Deploy.0 = Release|Any CPU
		{F3F99F96-1461-4E25-9B76-AB62385EE462}.AppStore|iPhone.ActiveCfg = Release|Any CPU
		{F3F99F96-1461-4E25-9B76-AB62385EE462}.AppStore|iPhone.Build.0 = Release|Any CPU
		{F3F99F96-1461-4E25-9B76-AB62385EE462}.AppStore|iPhone.Deploy.0 = Release|Any CPU
		{F3F99F96-1461-4E25-9B76-AB62385EE462}.AppStore|iPhoneSimulator.ActiveCfg = Release|Any CPU
		{F3F99F96-1461-4E25-9B76-AB62385EE462}.AppStore|iPhoneSimulator.Build.0 = Release|Any CPU
		{F3F99F96-1461-4E25-9B76-AB62385EE462}.AppStore|iPhoneSimulator.Deploy.0 = Release|Any CPU
		{F3F99F96-1461-4E25-9B76-AB62385EE462}.AppStore|x64.ActiveCfg = Release|Any CPU
		{F3F99F96-1461-4E25-9B76-AB62385EE462}.AppStore|x64.Build.0 = Release|Any CPU
		{F3F99F96-1461-4E25-9B76-AB62385EE462}.AppStore|x64.Deploy.0 = Release|Any CPU
		{F3F99F96-1461-4E25-9B76-AB62385EE462}.AppStore|x86.ActiveCfg = Release|Any CPU
		{F3F99F96-1461-4E25-9B76-AB62385EE462}.AppStore|x86.Build.0 = Release|Any CPU
		{F3F99F96-1461-4E25-9B76-AB62385EE462}.AppStore|x86.Deploy.0 = Release|Any CPU
		{F3F99F96-1461-4E25-9B76-AB62385EE462}.Debug|Any CPU.ActiveCfg = Debug|Any CPU
		{F3F99F96-1461-4E25-9B76-AB62385EE462}.Debug|Any CPU.Build.0 = Debug|Any CPU
		{F3F99F96-1461-4E25-9B76-AB62385EE462}.Debug|Any CPU.Deploy.0 = Debug|Any CPU
		{F3F99F96-1461-4E25-9B76-AB62385EE462}.Debug|ARM.ActiveCfg = Debug|Any CPU
		{F3F99F96-1461-4E25-9B76-AB62385EE462}.Debug|ARM.Build.0 = Debug|Any CPU
		{F3F99F96-1461-4E25-9B76-AB62385EE462}.Debug|ARM.Deploy.0 = Debug|Any CPU
		{F3F99F96-1461-4E25-9B76-AB62385EE462}.Debug|iPhone.ActiveCfg = Debug|Any CPU
		{F3F99F96-1461-4E25-9B76-AB62385EE462}.Debug|iPhone.Build.0 = Debug|Any CPU
		{F3F99F96-1461-4E25-9B76-AB62385EE462}.Debug|iPhone.Deploy.0 = Debug|Any CPU
		{F3F99F96-1461-4E25-9B76-AB62385EE462}.Debug|iPhoneSimulator.ActiveCfg = Debug|Any CPU
		{F3F99F96-1461-4E25-9B76-AB62385EE462}.Debug|iPhoneSimulator.Build.0 = Debug|Any CPU
		{F3F99F96-1461-4E25-9B76-AB62385EE462}.Debug|iPhoneSimulator.Deploy.0 = Debug|Any CPU
		{F3F99F96-1461-4E25-9B76-AB62385EE462}.Debug|x64.ActiveCfg = Debug|Any CPU
		{F3F99F96-1461-4E25-9B76-AB62385EE462}.Debug|x64.Build.0 = Debug|Any CPU
		{F3F99F96-1461-4E25-9B76-AB62385EE462}.Debug|x64.Deploy.0 = Debug|Any CPU
		{F3F99F96-1461-4E25-9B76-AB62385EE462}.Debug|x86.ActiveCfg = Debug|Any CPU
		{F3F99F96-1461-4E25-9B76-AB62385EE462}.Debug|x86.Build.0 = Debug|Any CPU
		{F3F99F96-1461-4E25-9B76-AB62385EE462}.Debug|x86.Deploy.0 = Debug|Any CPU
		{F3F99F96-1461-4E25-9B76-AB62385EE462}.Release|Any CPU.ActiveCfg = Release|Any CPU
		{F3F99F96-1461-4E25-9B76-AB62385EE462}.Release|Any CPU.Build.0 = Release|Any CPU
		{F3F99F96-1461-4E25-9B76-AB62385EE462}.Release|Any CPU.Deploy.0 = Release|Any CPU
		{F3F99F96-1461-4E25-9B76-AB62385EE462}.Release|ARM.ActiveCfg = Release|Any CPU
		{F3F99F96-1461-4E25-9B76-AB62385EE462}.Release|ARM.Build.0 = Release|Any CPU
		{F3F99F96-1461-4E25-9B76-AB62385EE462}.Release|ARM.Deploy.0 = Release|Any CPU
		{F3F99F96-1461-4E25-9B76-AB62385EE462}.Release|iPhone.ActiveCfg = Release|Any CPU
		{F3F99F96-1461-4E25-9B76-AB62385EE462}.Release|iPhone.Build.0 = Release|Any CPU
		{F3F99F96-1461-4E25-9B76-AB62385EE462}.Release|iPhone.Deploy.0 = Release|Any CPU
		{F3F99F96-1461-4E25-9B76-AB62385EE462}.Release|iPhoneSimulator.ActiveCfg = Release|Any CPU
		{F3F99F96-1461-4E25-9B76-AB62385EE462}.Release|iPhoneSimulator.Build.0 = Release|Any CPU
		{F3F99F96-1461-4E25-9B76-AB62385EE462}.Release|iPhoneSimulator.Deploy.0 = Release|Any CPU
		{F3F99F96-1461-4E25-9B76-AB62385EE462}.Release|x64.ActiveCfg = Release|Any CPU
		{F3F99F96-1461-4E25-9B76-AB62385EE462}.Release|x64.Build.0 = Release|Any CPU
		{F3F99F96-1461-4E25-9B76-AB62385EE462}.Release|x64.Deploy.0 = Release|Any CPU
		{F3F99F96-1461-4E25-9B76-AB62385EE462}.Release|x86.ActiveCfg = Release|Any CPU
		{F3F99F96-1461-4E25-9B76-AB62385EE462}.Release|x86.Build.0 = Release|Any CPU
		{F3F99F96-1461-4E25-9B76-AB62385EE462}.Release|x86.Deploy.0 = Release|Any CPU
		{E8A3A2A9-6E0C-4F37-B425-AB4EAD7A0572}.Ad-Hoc|Any CPU.ActiveCfg = Ad-Hoc|iPhone
		{E8A3A2A9-6E0C-4F37-B425-AB4EAD7A0572}.Ad-Hoc|ARM.ActiveCfg = Ad-Hoc|iPhone
		{E8A3A2A9-6E0C-4F37-B425-AB4EAD7A0572}.Ad-Hoc|iPhone.ActiveCfg = Ad-Hoc|iPhone
		{E8A3A2A9-6E0C-4F37-B425-AB4EAD7A0572}.Ad-Hoc|iPhone.Build.0 = Ad-Hoc|iPhone
		{E8A3A2A9-6E0C-4F37-B425-AB4EAD7A0572}.Ad-Hoc|iPhoneSimulator.ActiveCfg = Ad-Hoc|iPhoneSimulator
		{E8A3A2A9-6E0C-4F37-B425-AB4EAD7A0572}.Ad-Hoc|iPhoneSimulator.Build.0 = Ad-Hoc|iPhoneSimulator
		{E8A3A2A9-6E0C-4F37-B425-AB4EAD7A0572}.Ad-Hoc|x64.ActiveCfg = Ad-Hoc|iPhone
		{E8A3A2A9-6E0C-4F37-B425-AB4EAD7A0572}.Ad-Hoc|x86.ActiveCfg = Ad-Hoc|iPhone
		{E8A3A2A9-6E0C-4F37-B425-AB4EAD7A0572}.AppStore|Any CPU.ActiveCfg = AppStore|iPhone
		{E8A3A2A9-6E0C-4F37-B425-AB4EAD7A0572}.AppStore|ARM.ActiveCfg = AppStore|iPhone
		{E8A3A2A9-6E0C-4F37-B425-AB4EAD7A0572}.AppStore|iPhone.ActiveCfg = AppStore|iPhone
		{E8A3A2A9-6E0C-4F37-B425-AB4EAD7A0572}.AppStore|iPhone.Build.0 = AppStore|iPhone
		{E8A3A2A9-6E0C-4F37-B425-AB4EAD7A0572}.AppStore|iPhoneSimulator.ActiveCfg = AppStore|iPhoneSimulator
		{E8A3A2A9-6E0C-4F37-B425-AB4EAD7A0572}.AppStore|iPhoneSimulator.Build.0 = AppStore|iPhoneSimulator
		{E8A3A2A9-6E0C-4F37-B425-AB4EAD7A0572}.AppStore|x64.ActiveCfg = AppStore|iPhone
		{E8A3A2A9-6E0C-4F37-B425-AB4EAD7A0572}.AppStore|x86.ActiveCfg = AppStore|iPhone
		{E8A3A2A9-6E0C-4F37-B425-AB4EAD7A0572}.Debug|Any CPU.ActiveCfg = Debug|iPhone
		{E8A3A2A9-6E0C-4F37-B425-AB4EAD7A0572}.Debug|ARM.ActiveCfg = Debug|iPhone
		{E8A3A2A9-6E0C-4F37-B425-AB4EAD7A0572}.Debug|iPhone.ActiveCfg = Debug|iPhone
		{E8A3A2A9-6E0C-4F37-B425-AB4EAD7A0572}.Debug|iPhone.Build.0 = Debug|iPhone
		{E8A3A2A9-6E0C-4F37-B425-AB4EAD7A0572}.Debug|iPhoneSimulator.ActiveCfg = Debug|iPhoneSimulator
		{E8A3A2A9-6E0C-4F37-B425-AB4EAD7A0572}.Debug|iPhoneSimulator.Build.0 = Debug|iPhoneSimulator
		{E8A3A2A9-6E0C-4F37-B425-AB4EAD7A0572}.Debug|x64.ActiveCfg = Debug|iPhone
		{E8A3A2A9-6E0C-4F37-B425-AB4EAD7A0572}.Debug|x86.ActiveCfg = Debug|iPhone
		{E8A3A2A9-6E0C-4F37-B425-AB4EAD7A0572}.Release|Any CPU.ActiveCfg = Release|iPhone
		{E8A3A2A9-6E0C-4F37-B425-AB4EAD7A0572}.Release|ARM.ActiveCfg = Release|iPhone
		{E8A3A2A9-6E0C-4F37-B425-AB4EAD7A0572}.Release|iPhone.ActiveCfg = Release|iPhone
		{E8A3A2A9-6E0C-4F37-B425-AB4EAD7A0572}.Release|iPhone.Build.0 = Release|iPhone
		{E8A3A2A9-6E0C-4F37-B425-AB4EAD7A0572}.Release|iPhoneSimulator.ActiveCfg = Release|iPhoneSimulator
		{E8A3A2A9-6E0C-4F37-B425-AB4EAD7A0572}.Release|iPhoneSimulator.Build.0 = Release|iPhoneSimulator
		{E8A3A2A9-6E0C-4F37-B425-AB4EAD7A0572}.Release|x64.ActiveCfg = Release|iPhone
		{E8A3A2A9-6E0C-4F37-B425-AB4EAD7A0572}.Release|x86.ActiveCfg = Release|iPhone
		{4E71212B-FE06-48A5-A63A-A1F553410CCA}.Ad-Hoc|Any CPU.ActiveCfg = Release|Any CPU
		{4E71212B-FE06-48A5-A63A-A1F553410CCA}.Ad-Hoc|Any CPU.Build.0 = Release|Any CPU
		{4E71212B-FE06-48A5-A63A-A1F553410CCA}.Ad-Hoc|Any CPU.Deploy.0 = Release|Any CPU
		{4E71212B-FE06-48A5-A63A-A1F553410CCA}.Ad-Hoc|ARM.ActiveCfg = Release|ARM
		{4E71212B-FE06-48A5-A63A-A1F553410CCA}.Ad-Hoc|ARM.Build.0 = Release|ARM
		{4E71212B-FE06-48A5-A63A-A1F553410CCA}.Ad-Hoc|ARM.Deploy.0 = Release|ARM
		{4E71212B-FE06-48A5-A63A-A1F553410CCA}.Ad-Hoc|iPhone.ActiveCfg = Release|Any CPU
		{4E71212B-FE06-48A5-A63A-A1F553410CCA}.Ad-Hoc|iPhone.Build.0 = Release|Any CPU
		{4E71212B-FE06-48A5-A63A-A1F553410CCA}.Ad-Hoc|iPhone.Deploy.0 = Release|Any CPU
		{4E71212B-FE06-48A5-A63A-A1F553410CCA}.Ad-Hoc|iPhoneSimulator.ActiveCfg = Release|Any CPU
		{4E71212B-FE06-48A5-A63A-A1F553410CCA}.Ad-Hoc|iPhoneSimulator.Build.0 = Release|Any CPU
		{4E71212B-FE06-48A5-A63A-A1F553410CCA}.Ad-Hoc|iPhoneSimulator.Deploy.0 = Release|Any CPU
		{4E71212B-FE06-48A5-A63A-A1F553410CCA}.Ad-Hoc|x64.ActiveCfg = Release|Any CPU
		{4E71212B-FE06-48A5-A63A-A1F553410CCA}.Ad-Hoc|x64.Build.0 = Release|Any CPU
		{4E71212B-FE06-48A5-A63A-A1F553410CCA}.Ad-Hoc|x64.Deploy.0 = Release|Any CPU
		{4E71212B-FE06-48A5-A63A-A1F553410CCA}.Ad-Hoc|x86.ActiveCfg = Release|x86
		{4E71212B-FE06-48A5-A63A-A1F553410CCA}.Ad-Hoc|x86.Build.0 = Release|x86
		{4E71212B-FE06-48A5-A63A-A1F553410CCA}.Ad-Hoc|x86.Deploy.0 = Release|x86
		{4E71212B-FE06-48A5-A63A-A1F553410CCA}.AppStore|Any CPU.ActiveCfg = Release|Any CPU
		{4E71212B-FE06-48A5-A63A-A1F553410CCA}.AppStore|Any CPU.Build.0 = Release|Any CPU
		{4E71212B-FE06-48A5-A63A-A1F553410CCA}.AppStore|Any CPU.Deploy.0 = Release|Any CPU
		{4E71212B-FE06-48A5-A63A-A1F553410CCA}.AppStore|ARM.ActiveCfg = Release|ARM
		{4E71212B-FE06-48A5-A63A-A1F553410CCA}.AppStore|ARM.Build.0 = Release|ARM
		{4E71212B-FE06-48A5-A63A-A1F553410CCA}.AppStore|ARM.Deploy.0 = Release|ARM
		{4E71212B-FE06-48A5-A63A-A1F553410CCA}.AppStore|iPhone.ActiveCfg = Release|Any CPU
		{4E71212B-FE06-48A5-A63A-A1F553410CCA}.AppStore|iPhone.Build.0 = Release|Any CPU
		{4E71212B-FE06-48A5-A63A-A1F553410CCA}.AppStore|iPhone.Deploy.0 = Release|Any CPU
		{4E71212B-FE06-48A5-A63A-A1F553410CCA}.AppStore|iPhoneSimulator.ActiveCfg = Release|Any CPU
		{4E71212B-FE06-48A5-A63A-A1F553410CCA}.AppStore|iPhoneSimulator.Build.0 = Release|Any CPU
		{4E71212B-FE06-48A5-A63A-A1F553410CCA}.AppStore|iPhoneSimulator.Deploy.0 = Release|Any CPU
		{4E71212B-FE06-48A5-A63A-A1F553410CCA}.AppStore|x64.ActiveCfg = Release|Any CPU
		{4E71212B-FE06-48A5-A63A-A1F553410CCA}.AppStore|x64.Build.0 = Release|Any CPU
		{4E71212B-FE06-48A5-A63A-A1F553410CCA}.AppStore|x64.Deploy.0 = Release|Any CPU
		{4E71212B-FE06-48A5-A63A-A1F553410CCA}.AppStore|x86.ActiveCfg = Release|x86
		{4E71212B-FE06-48A5-A63A-A1F553410CCA}.AppStore|x86.Build.0 = Release|x86
		{4E71212B-FE06-48A5-A63A-A1F553410CCA}.AppStore|x86.Deploy.0 = Release|x86
		{4E71212B-FE06-48A5-A63A-A1F553410CCA}.Debug|Any CPU.ActiveCfg = Debug|Any CPU
		{4E71212B-FE06-48A5-A63A-A1F553410CCA}.Debug|Any CPU.Build.0 = Debug|Any CPU
		{4E71212B-FE06-48A5-A63A-A1F553410CCA}.Debug|Any CPU.Deploy.0 = Debug|Any CPU
		{4E71212B-FE06-48A5-A63A-A1F553410CCA}.Debug|ARM.ActiveCfg = Debug|ARM
		{4E71212B-FE06-48A5-A63A-A1F553410CCA}.Debug|ARM.Build.0 = Debug|ARM
		{4E71212B-FE06-48A5-A63A-A1F553410CCA}.Debug|ARM.Deploy.0 = Debug|ARM
		{4E71212B-FE06-48A5-A63A-A1F553410CCA}.Debug|iPhone.ActiveCfg = Debug|Any CPU
		{4E71212B-FE06-48A5-A63A-A1F553410CCA}.Debug|iPhone.Build.0 = Debug|Any CPU
		{4E71212B-FE06-48A5-A63A-A1F553410CCA}.Debug|iPhone.Deploy.0 = Debug|Any CPU
		{4E71212B-FE06-48A5-A63A-A1F553410CCA}.Debug|iPhoneSimulator.ActiveCfg = Debug|Any CPU
		{4E71212B-FE06-48A5-A63A-A1F553410CCA}.Debug|iPhoneSimulator.Build.0 = Debug|Any CPU
		{4E71212B-FE06-48A5-A63A-A1F553410CCA}.Debug|iPhoneSimulator.Deploy.0 = Debug|Any CPU
		{4E71212B-FE06-48A5-A63A-A1F553410CCA}.Debug|x64.ActiveCfg = Debug|Any CPU
		{4E71212B-FE06-48A5-A63A-A1F553410CCA}.Debug|x64.Build.0 = Debug|Any CPU
		{4E71212B-FE06-48A5-A63A-A1F553410CCA}.Debug|x64.Deploy.0 = Debug|Any CPU
		{4E71212B-FE06-48A5-A63A-A1F553410CCA}.Debug|x86.ActiveCfg = Debug|x86
		{4E71212B-FE06-48A5-A63A-A1F553410CCA}.Debug|x86.Build.0 = Debug|x86
		{4E71212B-FE06-48A5-A63A-A1F553410CCA}.Debug|x86.Deploy.0 = Debug|x86
		{4E71212B-FE06-48A5-A63A-A1F553410CCA}.Release|Any CPU.ActiveCfg = Release|Any CPU
		{4E71212B-FE06-48A5-A63A-A1F553410CCA}.Release|Any CPU.Build.0 = Release|Any CPU
		{4E71212B-FE06-48A5-A63A-A1F553410CCA}.Release|Any CPU.Deploy.0 = Release|Any CPU
		{4E71212B-FE06-48A5-A63A-A1F553410CCA}.Release|ARM.ActiveCfg = Release|ARM
		{4E71212B-FE06-48A5-A63A-A1F553410CCA}.Release|ARM.Build.0 = Release|ARM
		{4E71212B-FE06-48A5-A63A-A1F553410CCA}.Release|ARM.Deploy.0 = Release|ARM
		{4E71212B-FE06-48A5-A63A-A1F553410CCA}.Release|iPhone.ActiveCfg = Release|Any CPU
		{4E71212B-FE06-48A5-A63A-A1F553410CCA}.Release|iPhone.Build.0 = Release|Any CPU
		{4E71212B-FE06-48A5-A63A-A1F553410CCA}.Release|iPhone.Deploy.0 = Release|Any CPU
		{4E71212B-FE06-48A5-A63A-A1F553410CCA}.Release|iPhoneSimulator.ActiveCfg = Release|Any CPU
		{4E71212B-FE06-48A5-A63A-A1F553410CCA}.Release|iPhoneSimulator.Build.0 = Release|Any CPU
		{4E71212B-FE06-48A5-A63A-A1F553410CCA}.Release|iPhoneSimulator.Deploy.0 = Release|Any CPU
		{4E71212B-FE06-48A5-A63A-A1F553410CCA}.Release|x64.ActiveCfg = Release|Any CPU
		{4E71212B-FE06-48A5-A63A-A1F553410CCA}.Release|x64.Build.0 = Release|Any CPU
		{4E71212B-FE06-48A5-A63A-A1F553410CCA}.Release|x64.Deploy.0 = Release|Any CPU
		{4E71212B-FE06-48A5-A63A-A1F553410CCA}.Release|x86.ActiveCfg = Release|x86
		{4E71212B-FE06-48A5-A63A-A1F553410CCA}.Release|x86.Build.0 = Release|x86
		{4E71212B-FE06-48A5-A63A-A1F553410CCA}.Release|x86.Deploy.0 = Release|x86
		{E421C57F-0A2C-44CC-9BDF-2C1F588F34C7}.Ad-Hoc|Any CPU.ActiveCfg = Release|x86
		{E421C57F-0A2C-44CC-9BDF-2C1F588F34C7}.Ad-Hoc|Any CPU.Build.0 = Release|x86
		{E421C57F-0A2C-44CC-9BDF-2C1F588F34C7}.Ad-Hoc|Any CPU.Deploy.0 = Release|x86
		{E421C57F-0A2C-44CC-9BDF-2C1F588F34C7}.Ad-Hoc|ARM.ActiveCfg = Release|ARM
		{E421C57F-0A2C-44CC-9BDF-2C1F588F34C7}.Ad-Hoc|ARM.Build.0 = Release|ARM
		{E421C57F-0A2C-44CC-9BDF-2C1F588F34C7}.Ad-Hoc|ARM.Deploy.0 = Release|ARM
		{E421C57F-0A2C-44CC-9BDF-2C1F588F34C7}.Ad-Hoc|iPhone.ActiveCfg = Release|x86
		{E421C57F-0A2C-44CC-9BDF-2C1F588F34C7}.Ad-Hoc|iPhone.Build.0 = Release|x86
		{E421C57F-0A2C-44CC-9BDF-2C1F588F34C7}.Ad-Hoc|iPhone.Deploy.0 = Release|x86
		{E421C57F-0A2C-44CC-9BDF-2C1F588F34C7}.Ad-Hoc|iPhoneSimulator.ActiveCfg = Release|x86
		{E421C57F-0A2C-44CC-9BDF-2C1F588F34C7}.Ad-Hoc|iPhoneSimulator.Build.0 = Release|x86
		{E421C57F-0A2C-44CC-9BDF-2C1F588F34C7}.Ad-Hoc|iPhoneSimulator.Deploy.0 = Release|x86
		{E421C57F-0A2C-44CC-9BDF-2C1F588F34C7}.Ad-Hoc|x64.ActiveCfg = Release|x64
		{E421C57F-0A2C-44CC-9BDF-2C1F588F34C7}.Ad-Hoc|x64.Build.0 = Release|x64
		{E421C57F-0A2C-44CC-9BDF-2C1F588F34C7}.Ad-Hoc|x64.Deploy.0 = Release|x64
		{E421C57F-0A2C-44CC-9BDF-2C1F588F34C7}.Ad-Hoc|x86.ActiveCfg = Release|x86
		{E421C57F-0A2C-44CC-9BDF-2C1F588F34C7}.Ad-Hoc|x86.Build.0 = Release|x86
		{E421C57F-0A2C-44CC-9BDF-2C1F588F34C7}.Ad-Hoc|x86.Deploy.0 = Release|x86
		{E421C57F-0A2C-44CC-9BDF-2C1F588F34C7}.AppStore|Any CPU.ActiveCfg = Release|x86
		{E421C57F-0A2C-44CC-9BDF-2C1F588F34C7}.AppStore|Any CPU.Build.0 = Release|x86
		{E421C57F-0A2C-44CC-9BDF-2C1F588F34C7}.AppStore|Any CPU.Deploy.0 = Release|x86
		{E421C57F-0A2C-44CC-9BDF-2C1F588F34C7}.AppStore|ARM.ActiveCfg = Release|ARM
		{E421C57F-0A2C-44CC-9BDF-2C1F588F34C7}.AppStore|ARM.Build.0 = Release|ARM
		{E421C57F-0A2C-44CC-9BDF-2C1F588F34C7}.AppStore|ARM.Deploy.0 = Release|ARM
		{E421C57F-0A2C-44CC-9BDF-2C1F588F34C7}.AppStore|iPhone.ActiveCfg = Release|x86
		{E421C57F-0A2C-44CC-9BDF-2C1F588F34C7}.AppStore|iPhone.Build.0 = Release|x86
		{E421C57F-0A2C-44CC-9BDF-2C1F588F34C7}.AppStore|iPhone.Deploy.0 = Release|x86
		{E421C57F-0A2C-44CC-9BDF-2C1F588F34C7}.AppStore|iPhoneSimulator.ActiveCfg = Release|x86
		{E421C57F-0A2C-44CC-9BDF-2C1F588F34C7}.AppStore|iPhoneSimulator.Build.0 = Release|x86
		{E421C57F-0A2C-44CC-9BDF-2C1F588F34C7}.AppStore|iPhoneSimulator.Deploy.0 = Release|x86
		{E421C57F-0A2C-44CC-9BDF-2C1F588F34C7}.AppStore|x64.ActiveCfg = Release|x64
		{E421C57F-0A2C-44CC-9BDF-2C1F588F34C7}.AppStore|x64.Build.0 = Release|x64
		{E421C57F-0A2C-44CC-9BDF-2C1F588F34C7}.AppStore|x64.Deploy.0 = Release|x64
		{E421C57F-0A2C-44CC-9BDF-2C1F588F34C7}.AppStore|x86.ActiveCfg = Release|x86
		{E421C57F-0A2C-44CC-9BDF-2C1F588F34C7}.AppStore|x86.Build.0 = Release|x86
		{E421C57F-0A2C-44CC-9BDF-2C1F588F34C7}.AppStore|x86.Deploy.0 = Release|x86
		{E421C57F-0A2C-44CC-9BDF-2C1F588F34C7}.Debug|Any CPU.ActiveCfg = Debug|x86
		{E421C57F-0A2C-44CC-9BDF-2C1F588F34C7}.Debug|ARM.ActiveCfg = Debug|ARM
		{E421C57F-0A2C-44CC-9BDF-2C1F588F34C7}.Debug|ARM.Build.0 = Debug|ARM
		{E421C57F-0A2C-44CC-9BDF-2C1F588F34C7}.Debug|ARM.Deploy.0 = Debug|ARM
		{E421C57F-0A2C-44CC-9BDF-2C1F588F34C7}.Debug|iPhone.ActiveCfg = Debug|x86
		{E421C57F-0A2C-44CC-9BDF-2C1F588F34C7}.Debug|iPhoneSimulator.ActiveCfg = Debug|x86
		{E421C57F-0A2C-44CC-9BDF-2C1F588F34C7}.Debug|x64.ActiveCfg = Debug|x64
		{E421C57F-0A2C-44CC-9BDF-2C1F588F34C7}.Debug|x64.Build.0 = Debug|x64
		{E421C57F-0A2C-44CC-9BDF-2C1F588F34C7}.Debug|x64.Deploy.0 = Debug|x64
		{E421C57F-0A2C-44CC-9BDF-2C1F588F34C7}.Debug|x86.ActiveCfg = Debug|x86
		{E421C57F-0A2C-44CC-9BDF-2C1F588F34C7}.Debug|x86.Build.0 = Debug|x86
		{E421C57F-0A2C-44CC-9BDF-2C1F588F34C7}.Debug|x86.Deploy.0 = Debug|x86
		{E421C57F-0A2C-44CC-9BDF-2C1F588F34C7}.Release|Any CPU.ActiveCfg = Release|x86
		{E421C57F-0A2C-44CC-9BDF-2C1F588F34C7}.Release|ARM.ActiveCfg = Release|ARM
		{E421C57F-0A2C-44CC-9BDF-2C1F588F34C7}.Release|ARM.Build.0 = Release|ARM
		{E421C57F-0A2C-44CC-9BDF-2C1F588F34C7}.Release|ARM.Deploy.0 = Release|ARM
		{E421C57F-0A2C-44CC-9BDF-2C1F588F34C7}.Release|iPhone.ActiveCfg = Release|x86
		{E421C57F-0A2C-44CC-9BDF-2C1F588F34C7}.Release|iPhoneSimulator.ActiveCfg = Release|x86
		{E421C57F-0A2C-44CC-9BDF-2C1F588F34C7}.Release|x64.ActiveCfg = Release|x64
		{E421C57F-0A2C-44CC-9BDF-2C1F588F34C7}.Release|x64.Build.0 = Release|x64
		{E421C57F-0A2C-44CC-9BDF-2C1F588F34C7}.Release|x64.Deploy.0 = Release|x64
		{E421C57F-0A2C-44CC-9BDF-2C1F588F34C7}.Release|x86.ActiveCfg = Release|x86
		{E421C57F-0A2C-44CC-9BDF-2C1F588F34C7}.Release|x86.Build.0 = Release|x86
		{E421C57F-0A2C-44CC-9BDF-2C1F588F34C7}.Release|x86.Deploy.0 = Release|x86
		{EA0B105A-A78F-4680-9B7E-2D561551EED7}.Ad-Hoc|Any CPU.ActiveCfg = Release|Any CPU
		{EA0B105A-A78F-4680-9B7E-2D561551EED7}.Ad-Hoc|Any CPU.Build.0 = Release|Any CPU
		{EA0B105A-A78F-4680-9B7E-2D561551EED7}.Ad-Hoc|Any CPU.Deploy.0 = Release|Any CPU
		{EA0B105A-A78F-4680-9B7E-2D561551EED7}.Ad-Hoc|ARM.ActiveCfg = Release|ARM
		{EA0B105A-A78F-4680-9B7E-2D561551EED7}.Ad-Hoc|ARM.Build.0 = Release|ARM
		{EA0B105A-A78F-4680-9B7E-2D561551EED7}.Ad-Hoc|ARM.Deploy.0 = Release|ARM
		{EA0B105A-A78F-4680-9B7E-2D561551EED7}.Ad-Hoc|iPhone.ActiveCfg = Release|Any CPU
		{EA0B105A-A78F-4680-9B7E-2D561551EED7}.Ad-Hoc|iPhone.Build.0 = Release|Any CPU
		{EA0B105A-A78F-4680-9B7E-2D561551EED7}.Ad-Hoc|iPhone.Deploy.0 = Release|Any CPU
		{EA0B105A-A78F-4680-9B7E-2D561551EED7}.Ad-Hoc|iPhoneSimulator.ActiveCfg = Release|Any CPU
		{EA0B105A-A78F-4680-9B7E-2D561551EED7}.Ad-Hoc|iPhoneSimulator.Build.0 = Release|Any CPU
		{EA0B105A-A78F-4680-9B7E-2D561551EED7}.Ad-Hoc|iPhoneSimulator.Deploy.0 = Release|Any CPU
		{EA0B105A-A78F-4680-9B7E-2D561551EED7}.Ad-Hoc|x64.ActiveCfg = Release|x64
		{EA0B105A-A78F-4680-9B7E-2D561551EED7}.Ad-Hoc|x64.Build.0 = Release|x64
		{EA0B105A-A78F-4680-9B7E-2D561551EED7}.Ad-Hoc|x64.Deploy.0 = Release|x64
		{EA0B105A-A78F-4680-9B7E-2D561551EED7}.Ad-Hoc|x86.ActiveCfg = Release|x86
		{EA0B105A-A78F-4680-9B7E-2D561551EED7}.Ad-Hoc|x86.Build.0 = Release|x86
		{EA0B105A-A78F-4680-9B7E-2D561551EED7}.Ad-Hoc|x86.Deploy.0 = Release|x86
		{EA0B105A-A78F-4680-9B7E-2D561551EED7}.AppStore|Any CPU.ActiveCfg = Release|Any CPU
		{EA0B105A-A78F-4680-9B7E-2D561551EED7}.AppStore|Any CPU.Build.0 = Release|Any CPU
		{EA0B105A-A78F-4680-9B7E-2D561551EED7}.AppStore|Any CPU.Deploy.0 = Release|Any CPU
		{EA0B105A-A78F-4680-9B7E-2D561551EED7}.AppStore|ARM.ActiveCfg = Release|ARM
		{EA0B105A-A78F-4680-9B7E-2D561551EED7}.AppStore|ARM.Build.0 = Release|ARM
		{EA0B105A-A78F-4680-9B7E-2D561551EED7}.AppStore|ARM.Deploy.0 = Release|ARM
		{EA0B105A-A78F-4680-9B7E-2D561551EED7}.AppStore|iPhone.ActiveCfg = Release|Any CPU
		{EA0B105A-A78F-4680-9B7E-2D561551EED7}.AppStore|iPhone.Build.0 = Release|Any CPU
		{EA0B105A-A78F-4680-9B7E-2D561551EED7}.AppStore|iPhone.Deploy.0 = Release|Any CPU
		{EA0B105A-A78F-4680-9B7E-2D561551EED7}.AppStore|iPhoneSimulator.ActiveCfg = Release|Any CPU
		{EA0B105A-A78F-4680-9B7E-2D561551EED7}.AppStore|iPhoneSimulator.Build.0 = Release|Any CPU
		{EA0B105A-A78F-4680-9B7E-2D561551EED7}.AppStore|iPhoneSimulator.Deploy.0 = Release|Any CPU
		{EA0B105A-A78F-4680-9B7E-2D561551EED7}.AppStore|x64.ActiveCfg = Release|x64
		{EA0B105A-A78F-4680-9B7E-2D561551EED7}.AppStore|x64.Build.0 = Release|x64
		{EA0B105A-A78F-4680-9B7E-2D561551EED7}.AppStore|x64.Deploy.0 = Release|x64
		{EA0B105A-A78F-4680-9B7E-2D561551EED7}.AppStore|x86.ActiveCfg = Release|x86
		{EA0B105A-A78F-4680-9B7E-2D561551EED7}.AppStore|x86.Build.0 = Release|x86
		{EA0B105A-A78F-4680-9B7E-2D561551EED7}.AppStore|x86.Deploy.0 = Release|x86
		{EA0B105A-A78F-4680-9B7E-2D561551EED7}.Debug|Any CPU.ActiveCfg = Debug|Any CPU
		{EA0B105A-A78F-4680-9B7E-2D561551EED7}.Debug|Any CPU.Build.0 = Debug|Any CPU
		{EA0B105A-A78F-4680-9B7E-2D561551EED7}.Debug|Any CPU.Deploy.0 = Debug|Any CPU
		{EA0B105A-A78F-4680-9B7E-2D561551EED7}.Debug|ARM.ActiveCfg = Debug|ARM
		{EA0B105A-A78F-4680-9B7E-2D561551EED7}.Debug|ARM.Build.0 = Debug|ARM
		{EA0B105A-A78F-4680-9B7E-2D561551EED7}.Debug|ARM.Deploy.0 = Debug|ARM
		{EA0B105A-A78F-4680-9B7E-2D561551EED7}.Debug|iPhone.ActiveCfg = Debug|Any CPU
		{EA0B105A-A78F-4680-9B7E-2D561551EED7}.Debug|iPhone.Build.0 = Debug|Any CPU
		{EA0B105A-A78F-4680-9B7E-2D561551EED7}.Debug|iPhone.Deploy.0 = Debug|Any CPU
		{EA0B105A-A78F-4680-9B7E-2D561551EED7}.Debug|iPhoneSimulator.ActiveCfg = Debug|Any CPU
		{EA0B105A-A78F-4680-9B7E-2D561551EED7}.Debug|iPhoneSimulator.Build.0 = Debug|Any CPU
		{EA0B105A-A78F-4680-9B7E-2D561551EED7}.Debug|iPhoneSimulator.Deploy.0 = Debug|Any CPU
		{EA0B105A-A78F-4680-9B7E-2D561551EED7}.Debug|x64.ActiveCfg = Debug|x64
		{EA0B105A-A78F-4680-9B7E-2D561551EED7}.Debug|x64.Build.0 = Debug|x64
		{EA0B105A-A78F-4680-9B7E-2D561551EED7}.Debug|x64.Deploy.0 = Debug|x64
		{EA0B105A-A78F-4680-9B7E-2D561551EED7}.Debug|x86.ActiveCfg = Debug|x86
		{EA0B105A-A78F-4680-9B7E-2D561551EED7}.Debug|x86.Build.0 = Debug|x86
		{EA0B105A-A78F-4680-9B7E-2D561551EED7}.Debug|x86.Deploy.0 = Debug|x86
		{EA0B105A-A78F-4680-9B7E-2D561551EED7}.Release|Any CPU.ActiveCfg = Release|Any CPU
		{EA0B105A-A78F-4680-9B7E-2D561551EED7}.Release|Any CPU.Build.0 = Release|Any CPU
		{EA0B105A-A78F-4680-9B7E-2D561551EED7}.Release|Any CPU.Deploy.0 = Release|Any CPU
		{EA0B105A-A78F-4680-9B7E-2D561551EED7}.Release|ARM.ActiveCfg = Release|ARM
		{EA0B105A-A78F-4680-9B7E-2D561551EED7}.Release|ARM.Build.0 = Release|ARM
		{EA0B105A-A78F-4680-9B7E-2D561551EED7}.Release|ARM.Deploy.0 = Release|ARM
		{EA0B105A-A78F-4680-9B7E-2D561551EED7}.Release|iPhone.ActiveCfg = Release|Any CPU
		{EA0B105A-A78F-4680-9B7E-2D561551EED7}.Release|iPhone.Build.0 = Release|Any CPU
		{EA0B105A-A78F-4680-9B7E-2D561551EED7}.Release|iPhone.Deploy.0 = Release|Any CPU
		{EA0B105A-A78F-4680-9B7E-2D561551EED7}.Release|iPhoneSimulator.ActiveCfg = Release|Any CPU
		{EA0B105A-A78F-4680-9B7E-2D561551EED7}.Release|iPhoneSimulator.Build.0 = Release|Any CPU
		{EA0B105A-A78F-4680-9B7E-2D561551EED7}.Release|iPhoneSimulator.Deploy.0 = Release|Any CPU
		{EA0B105A-A78F-4680-9B7E-2D561551EED7}.Release|x64.ActiveCfg = Release|x64
		{EA0B105A-A78F-4680-9B7E-2D561551EED7}.Release|x64.Build.0 = Release|x64
		{EA0B105A-A78F-4680-9B7E-2D561551EED7}.Release|x64.Deploy.0 = Release|x64
		{EA0B105A-A78F-4680-9B7E-2D561551EED7}.Release|x86.ActiveCfg = Release|x86
		{EA0B105A-A78F-4680-9B7E-2D561551EED7}.Release|x86.Build.0 = Release|x86
		{EA0B105A-A78F-4680-9B7E-2D561551EED7}.Release|x86.Deploy.0 = Release|x86
	EndGlobalSection
	GlobalSection(SolutionProperties) = preSolution
		HideSolutionNode = FALSE
	EndGlobalSection
EndGlobal
